
Microsoft Visual Studio Solution File, Format Version 12.00
# Visual Studio 14
VisualStudioVersion = 14.0.25420.1
MinimumVisualStudioVersion = 10.0.40219.1
Project("{FAE04EC0-301F-11D3-BF4B-00C04F79EFBC}") = "StreetFighter.Web", "StreetFighter.Web\StreetFighter.Web.csproj", "{F1AD669F-4B77-4444-908B-7568206D44F4}"
EndProject
Project("{FAE04EC0-301F-11D3-BF4B-00C04F79EFBC}") = "StreetFighter.Aplicativo", "StreetFighter.Aplicativo\StreetFighter.Aplicativo.csproj", "{6F8E7995-EC48-4D60-A0C4-14C3A1420D9C}"
EndProject
Project("{FAE04EC0-301F-11D3-BF4B-00C04F79EFBC}") = "StreetFighter.Dominio", "StreetFighter.Dominio\StreetFighter.Dominio.csproj", "{C99CF3CB-AC53-4DC2-BE29-E2D10DBC3CDB}"
EndProject
Project("{FAE04EC0-301F-11D3-BF4B-00C04F79EFBC}") = "StreetFighter.Repositorio", "StreetFighter.Repositorio\StreetFighter.Repositorio.csproj", "{2B2C502D-CBC7-49D4-8227-BE314471AB9B}"
EndProject
Project("{FAE04EC0-301F-11D3-BF4B-00C04F79EFBC}") = "StreetFighter.Testes", "StreetFighter.Testes\StreetFighter.Testes.csproj", "{3ADA071B-72DF-4F11-9015-FFBE7FCD4FC8}"
EndProject
Project("{FAE04EC0-301F-11D3-BF4B-00C04F79EFBC}") = "StreetFighter.Infraestrutura", "StreetFighter.Infraestrutura\StreetFighter.Infraestrutura.csproj", "{E57EBBC3-BCA5-4B3F-B782-1A93A6AAB570}"
EndProject
Global
	GlobalSection(SolutionConfigurationPlatforms) = preSolution
		Debug|Any CPU = Debug|Any CPU
		Release|Any CPU = Release|Any CPU
	EndGlobalSection
	GlobalSection(ProjectConfigurationPlatforms) = postSolution
		{F1AD669F-4B77-4444-908B-7568206D44F4}.Debug|Any CPU.ActiveCfg = Debug|Any CPU
		{F1AD669F-4B77-4444-908B-7568206D44F4}.Debug|Any CPU.Build.0 = Debug|Any CPU
		{F1AD669F-4B77-4444-908B-7568206D44F4}.Release|Any CPU.ActiveCfg = Release|Any CPU
		{F1AD669F-4B77-4444-908B-7568206D44F4}.Release|Any CPU.Build.0 = Release|Any CPU
		{6F8E7995-EC48-4D60-A0C4-14C3A1420D9C}.Debug|Any CPU.ActiveCfg = Debug|Any CPU
		{6F8E7995-EC48-4D60-A0C4-14C3A1420D9C}.Debug|Any CPU.Build.0 = Debug|Any CPU
		{6F8E7995-EC48-4D60-A0C4-14C3A1420D9C}.Release|Any CPU.ActiveCfg = Release|Any CPU
		{6F8E7995-EC48-4D60-A0C4-14C3A1420D9C}.Release|Any CPU.Build.0 = Release|Any CPU
		{C99CF3CB-AC53-4DC2-BE29-E2D10DBC3CDB}.Debug|Any CPU.ActiveCfg = Debug|Any CPU
		{C99CF3CB-AC53-4DC2-BE29-E2D10DBC3CDB}.Debug|Any CPU.Build.0 = Debug|Any CPU
		{C99CF3CB-AC53-4DC2-BE29-E2D10DBC3CDB}.Release|Any CPU.ActiveCfg = Release|Any CPU
		{C99CF3CB-AC53-4DC2-BE29-E2D10DBC3CDB}.Release|Any CPU.Build.0 = Release|Any CPU
		{2B2C502D-CBC7-49D4-8227-BE314471AB9B}.Debug|Any CPU.ActiveCfg = Debug|Any CPU
		{2B2C502D-CBC7-49D4-8227-BE314471AB9B}.Debug|Any CPU.Build.0 = Debug|Any CPU
		{2B2C502D-CBC7-49D4-8227-BE314471AB9B}.Release|Any CPU.ActiveCfg = Release|Any CPU
		{2B2C502D-CBC7-49D4-8227-BE314471AB9B}.Release|Any CPU.Build.0 = Release|Any CPU
		{3ADA071B-72DF-4F11-9015-FFBE7FCD4FC8}.Debug|Any CPU.ActiveCfg = Debug|Any CPU
		{3ADA071B-72DF-4F11-9015-FFBE7FCD4FC8}.Debug|Any CPU.Build.0 = Debug|Any CPU
		{3ADA071B-72DF-4F11-9015-FFBE7FCD4FC8}.Release|Any CPU.ActiveCfg = Release|Any CPU
		{3ADA071B-72DF-4F11-9015-FFBE7FCD4FC8}.Release|Any CPU.Build.0 = Release|Any CPU
		{E57EBBC3-BCA5-4B3F-B782-1A93A6AAB570}.Debug|Any CPU.ActiveCfg = Debug|Any CPU
		{E57EBBC3-BCA5-4B3F-B782-1A93A6AAB570}.Debug|Any CPU.Build.0 = Debug|Any CPU
		{E57EBBC3-BCA5-4B3F-B782-1A93A6AAB570}.Release|Any CPU.ActiveCfg = Release|Any CPU
		{E57EBBC3-BCA5-4B3F-B782-1A93A6AAB570}.Release|Any CPU.Build.0 = Release|Any CPU
	EndGlobalSection
	GlobalSection(SolutionProperties) = preSolution
		HideSolutionNode = FALSE
	EndGlobalSection
EndGlobal
